<Project ToolsVersion="4.0" xmlns="http://schemas.microsoft.com/developer/msbuild/2003">
  <ItemGroup>
    <Filter Include="Source Files">
      <UniqueIdentifier>{4FC737F1-C7A5-4376-A066-2A32D752A2FF}</UniqueIdentifier>
      <Extensions>cpp;c;cc;cxx;def;odl;idl;hpj;bat;asm;asmx</Extensions>
    </Filter>
    <Filter Include="Header Files">
      <UniqueIdentifier>{93995380-89BD-4b04-88EB-625FBE52EBFB}</UniqueIdentifier>
      <Extensions>h;hpp;hxx;hm;inl;inc;xsd</Extensions>
    </Filter>
    <Filter Include="Resource Files">
      <UniqueIdentifier>{67DA6AB6-F800-4c08-8B7A-83BB121AAD01}</UniqueIdentifier>
      <Extensions>rc;ico;cur;bmp;dlg;rc2;rct;bin;rgs;gif;jpg;jpeg;jpe;resx;tiff;tif;png;wav</Extensions>
    </Filter>
    <Filter Include="Blocks">
      <UniqueIdentifier>{AD980987-D287-46E1-BA55-BEAED0A7EF2F}</UniqueIdentifier>
    </Filter>
    <Filter Include="Blocks\Cinder-OpenCL">
      <UniqueIdentifier>{B824D5D9-897A-4B6D-8461-B6D5ED7C6B47}</UniqueIdentifier>
    </Filter>
    <Filter Include="Blocks\Cinder-OpenCL\include">
      <UniqueIdentifier>{02866FEE-EEB4-4864-AB88-4893486E52AC}</UniqueIdentifier>
    </Filter>
    <Filter Include="Blocks\Cinder-OpenCL\src">
      <UniqueIdentifier>{904590D0-4392-4B79-B115-BEF65E3A3ABC}</UniqueIdentifier>
    </Filter>
  </ItemGroup>
  <ItemGroup>
    <ClCompile Include="..\src\EventApp.cpp">
      <Filter>Source Files</Filter>
    </ClCompile>
    <ClCompile Include="..\src\EventApp.cpp">
      <Filter>Source Files</Filter>
    </ClCompile>
    <ClInclude Include="..\include\Resources.h">
      <Filter>Header Files</Filter>
    </ClInclude>
    <ClInclude Include="..\..\..\..\Cinder-OpenCL\include\BufferObj.h">
      <Filter>Blocks\Cinder-OpenCL\include</Filter>
    </ClInclude>
    <ClInclude Include="..\..\..\..\Cinder-OpenCL\include\Cl.h">
      <Filter>Blocks\Cinder-OpenCL\include</Filter>
    </ClInclude>
    <ClInclude Include="..\..\..\..\Cinder-OpenCL\include\CommandQueue.h">
      <Filter>Blocks\Cinder-OpenCL\include</Filter>
    </ClInclude>
    <ClInclude Include="..\..\..\..\Cinder-OpenCL\include\Context.h">
      <Filter>Blocks\Cinder-OpenCL\include</Filter>
    </ClInclude>
    <ClInclude Include="..\..\..\..\Cinder-OpenCL\include\Device.h">
      <Filter>Blocks\Cinder-OpenCL\include</Filter>
    </ClInclude>
    <ClInclude Include="..\..\..\..\Cinder-OpenCL\include\Event.h">
      <Filter>Blocks\Cinder-OpenCL\include</Filter>
    </ClInclude>
    <ClInclude Include="..\..\..\..\Cinder-OpenCL\include\Image.h">
      <Filter>Blocks\Cinder-OpenCL\include</Filter>
    </ClInclude>
    <ClInclude Include="..\..\..\..\Cinder-OpenCL\include\MemoryObj.h">
      <Filter>Blocks\Cinder-OpenCL\include</Filter>
    </ClInclude>
    <ClInclude Include="..\..\..\..\Cinder-OpenCL\include\Platform.h">
      <Filter>Blocks\Cinder-OpenCL\include</Filter>
    </ClInclude>
    <ClInclude Include="..\..\..\..\Cinder-OpenCL\include\Program.h">
      <Filter>Blocks\Cinder-OpenCL\include</Filter>
    </ClInclude>
    <ClCompile Include="..\..\..\..\Cinder-OpenCL\src\BufferObj.cpp">
      <Filter>Blocks\Cinder-OpenCL\src</Filter>
    </ClCompile>
    <ClCompile Include="..\..\..\..\Cinder-OpenCL\src\Cl.cpp">
      <Filter>Blocks\Cinder-OpenCL\src</Filter>
    </ClCompile>
    <ClCompile Include="..\..\..\..\Cinder-OpenCL\src\CommandQueue.cpp">
      <Filter>Blocks\Cinder-OpenCL\src</Filter>
    </ClCompile>
    <ClCompile Include="..\..\..\..\Cinder-OpenCL\src\Context.cpp">
      <Filter>Blocks\Cinder-OpenCL\src</Filter>
    </ClCompile>
    <ClCompile Include="..\..\..\..\Cinder-OpenCL\src\Device.cpp">
      <Filter>Blocks\Cinder-OpenCL\src</Filter>
    </ClCompile>
    <ClCompile Include="..\..\..\..\Cinder-OpenCL\src\Event.cpp">
      <Filter>Blocks\Cinder-OpenCL\src</Filter>
    </ClCompile>
    <ClCompile Include="..\..\..\..\Cinder-OpenCL\src\Image.cpp">
      <Filter>Blocks\Cinder-OpenCL\src</Filter>
    </ClCompile>
    <ClCompile Include="..\..\..\..\Cinder-OpenCL\src\MemoryObj.cpp">
      <Filter>Blocks\Cinder-OpenCL\src</Filter>
    </ClCompile>
    <ClCompile Include="..\..\..\..\Cinder-OpenCL\src\Platform.cpp">
      <Filter>Blocks\Cinder-OpenCL\src</Filter>
    </ClCompile>
    <ClCompile Include="..\..\..\..\Cinder-OpenCL\src\Program.cpp">
      <Filter>Blocks\Cinder-OpenCL\src</Filter>
    </ClCompile>
  </ItemGroup>
  <ItemGroup>
    <ClInclude Include="..\include\Resources.h">
      <Filter>Header Files</Filter>
    </ClInclude>
  </ItemGroup>
  <ItemGroup>
    <ResourceCompile Include="Resources.rc">
      <Filter>Resource Files</Filter>
    </ResourceCompile>
  </ItemGroup>
</Project>
