// !$*UTF8*$!
{
	archiveVersion = 1;
	classes = {
	};
	objectVersion = 46;
	objects = {

/* Begin PBXBuildFile section */
		006D720419952D00008149E2 /* AVFoundation.framework in Frameworks */ = {isa = PBXBuildFile; fileRef = 006D720219952D00008149E2 /* AVFoundation.framework */; };
		006D720519952D00008149E2 /* CoreMedia.framework in Frameworks */ = {isa = PBXBuildFile; fileRef = 006D720319952D00008149E2 /* CoreMedia.framework */; };
		0091D8F90E81B9330029341E /* OpenGL.framework in Frameworks */ = {isa = PBXBuildFile; fileRef = 0091D8F80E81B9330029341E /* OpenGL.framework */; };
		00B784B30FF439BC000DE1D7 /* Accelerate.framework in Frameworks */ = {isa = PBXBuildFile; fileRef = 00B784AF0FF439BC000DE1D7 /* Accelerate.framework */; };
		00B784B40FF439BC000DE1D7 /* AudioToolbox.framework in Frameworks */ = {isa = PBXBuildFile; fileRef = 00B784B00FF439BC000DE1D7 /* AudioToolbox.framework */; };
		00B784B50FF439BC000DE1D7 /* AudioUnit.framework in Frameworks */ = {isa = PBXBuildFile; fileRef = 00B784B10FF439BC000DE1D7 /* AudioUnit.framework */; };
		00B784B60FF439BC000DE1D7 /* CoreAudio.framework in Frameworks */ = {isa = PBXBuildFile; fileRef = 00B784B20FF439BC000DE1D7 /* CoreAudio.framework */; };
		1FD683AAE88341AD8F841F3D /* Context.cpp in Sources */ = {isa = PBXBuildFile; fileRef = B87C925183274AD7B320FDCC /* Context.cpp */; };
		337D083E1ACE4A738139B25C /* Event.cpp in Sources */ = {isa = PBXBuildFile; fileRef = D66CA46B829B449FB1D55538 /* Event.cpp */; };
		35723D11EB0845078991BB8C /* CinderApp.icns in Resources */ = {isa = PBXBuildFile; fileRef = BC29C9408366469CA8397BF7 /* CinderApp.icns */; };
		4F27D5AF1AEFCC2D00EBCC8B /* particleSort.cl in Sources */ = {isa = PBXBuildFile; fileRef = 4F27D5AC1AEFCC2D00EBCC8B /* particleSort.cl */; };
		4F27D5B01AEFCC2D00EBCC8B /* render.frag in Resources */ = {isa = PBXBuildFile; fileRef = 4F27D5AD1AEFCC2D00EBCC8B /* render.frag */; };
		4F27D5B11AEFCC2D00EBCC8B /* render.vert in Resources */ = {isa = PBXBuildFile; fileRef = 4F27D5AE1AEFCC2D00EBCC8B /* render.vert */; };
		5323E6B20EAFCA74003A9687 /* CoreVideo.framework in Frameworks */ = {isa = PBXBuildFile; fileRef = 5323E6B10EAFCA74003A9687 /* CoreVideo.framework */; };
		5323E6B60EAFCA7E003A9687 /* QTKit.framework in Frameworks */ = {isa = PBXBuildFile; fileRef = 5323E6B50EAFCA7E003A9687 /* QTKit.framework */; };
		860383C05DAC4C74A6324C99 /* CommandQueue.cpp in Sources */ = {isa = PBXBuildFile; fileRef = D05E7971FD8A469C9EA78012 /* CommandQueue.cpp */; };
		8D11072F0486CEB800E47090 /* Cocoa.framework in Frameworks */ = {isa = PBXBuildFile; fileRef = 1058C7A1FEA54F0111CA2CBB /* Cocoa.framework */; };
		9607F193B1CD4892945BA40C /* Program.cpp in Sources */ = {isa = PBXBuildFile; fileRef = EED43E86B86046818E4B8DF2 /* Program.cpp */; };
		A7D41CDD0FEE409587C68DF8 /* Device.cpp in Sources */ = {isa = PBXBuildFile; fileRef = 910CCDD11FFB4E8C8267484D /* Device.cpp */; };
		BAF0B7967664464FAE17048C /* Cl.cpp in Sources */ = {isa = PBXBuildFile; fileRef = E08639EA3D5647EDB326FBAA /* Cl.cpp */; };
		BDA0CEB6F02E4BA48EDDB2F9 /* MemoryObj.cpp in Sources */ = {isa = PBXBuildFile; fileRef = 676E3275E47D417080993411 /* MemoryObj.cpp */; };
		BF956D24783C4D76900D6E44 /* BufferObj.cpp in Sources */ = {isa = PBXBuildFile; fileRef = 507E82DAE563487BB507617E /* BufferObj.cpp */; };
		D167AF1466EE4F4C8CA1BB00 /* BitonicParticleSortApp.cpp in Sources */ = {isa = PBXBuildFile; fileRef = C962511D7A15450C93D13D78 /* BitonicParticleSortApp.cpp */; };
		D793AA791B054350BF2245F2 /* OpenCL.framework in Frameworks */ = {isa = PBXBuildFile; fileRef = A9F77D2948864D4684AD6F90 /* OpenCL.framework */; };
		F59732A5940D4078A5F10AB2 /* Platform.cpp in Sources */ = {isa = PBXBuildFile; fileRef = 2582F8508992415594B7C5D3 /* Platform.cpp */; };
		FDB728205D8847A0AB321C24 /* Image.cpp in Sources */ = {isa = PBXBuildFile; fileRef = BA1E55B4216F48BC8EE0788E /* Image.cpp */; };
/* End PBXBuildFile section */

/* Begin PBXFileReference section */
		006D720219952D00008149E2 /* AVFoundation.framework */ = {isa = PBXFileReference; lastKnownFileType = wrapper.framework; name = AVFoundation.framework; path = System/Library/Frameworks/AVFoundation.framework; sourceTree = SDKROOT; };
		006D720319952D00008149E2 /* CoreMedia.framework */ = {isa = PBXFileReference; lastKnownFileType = wrapper.framework; name = CoreMedia.framework; path = System/Library/Frameworks/CoreMedia.framework; sourceTree = SDKROOT; };
		0091D8F80E81B9330029341E /* OpenGL.framework */ = {isa = PBXFileReference; lastKnownFileType = wrapper.framework; name = OpenGL.framework; path = /System/Library/Frameworks/OpenGL.framework; sourceTree = "<absolute>"; };
		00B784AF0FF439BC000DE1D7 /* Accelerate.framework */ = {isa = PBXFileReference; lastKnownFileType = wrapper.framework; name = Accelerate.framework; path = System/Library/Frameworks/Accelerate.framework; sourceTree = SDKROOT; };
		00B784B00FF439BC000DE1D7 /* AudioToolbox.framework */ = {isa = PBXFileReference; lastKnownFileType = wrapper.framework; name = AudioToolbox.framework; path = System/Library/Frameworks/AudioToolbox.framework; sourceTree = SDKROOT; };
		00B784B10FF439BC000DE1D7 /* AudioUnit.framework */ = {isa = PBXFileReference; lastKnownFileType = wrapper.framework; name = AudioUnit.framework; path = System/Library/Frameworks/AudioUnit.framework; sourceTree = SDKROOT; };
		00B784B20FF439BC000DE1D7 /* CoreAudio.framework */ = {isa = PBXFileReference; lastKnownFileType = wrapper.framework; name = CoreAudio.framework; path = System/Library/Frameworks/CoreAudio.framework; sourceTree = SDKROOT; };
		1058C7A1FEA54F0111CA2CBB /* Cocoa.framework */ = {isa = PBXFileReference; lastKnownFileType = wrapper.framework; name = Cocoa.framework; path = /System/Library/Frameworks/Cocoa.framework; sourceTree = "<absolute>"; };
		2582F8508992415594B7C5D3 /* Platform.cpp */ = {isa = PBXFileReference; lastKnownFileType = sourcecode.c.cpp; name = Platform.cpp; path = ../../../src/Platform.cpp; sourceTree = "<group>"; };
		29B97324FDCFA39411CA2CEA /* AppKit.framework */ = {isa = PBXFileReference; lastKnownFileType = wrapper.framework; name = AppKit.framework; path = /System/Library/Frameworks/AppKit.framework; sourceTree = "<absolute>"; };
		29B97325FDCFA39411CA2CEA /* Foundation.framework */ = {isa = PBXFileReference; lastKnownFileType = wrapper.framework; name = Foundation.framework; path = /System/Library/Frameworks/Foundation.framework; sourceTree = "<absolute>"; };
		2D8E1730BB0442D8A37FE3A6 /* Platform.h */ = {isa = PBXFileReference; lastKnownFileType = sourcecode.c.h; name = Platform.h; path = ../../../include/Platform.h; sourceTree = "<group>"; };
		2E4DF8F04156456F9D89D80B /* BitonicParticleSort_Prefix.pch */ = {isa = PBXFileReference; lastKnownFileType = "\"\""; path = BitonicParticleSort_Prefix.pch; sourceTree = "<group>"; };
		2FA50E51E2444D45AFA4F5F9 /* CommandQueue.h */ = {isa = PBXFileReference; lastKnownFileType = sourcecode.c.h; name = CommandQueue.h; path = ../../../include/CommandQueue.h; sourceTree = "<group>"; };
		3A9DBBFD6670461AA24C17F6 /* BufferObj.h */ = {isa = PBXFileReference; lastKnownFileType = sourcecode.c.h; name = BufferObj.h; path = ../../../include/BufferObj.h; sourceTree = "<group>"; };
		4B4058DFCAA2481FB9291D07 /* Program.h */ = {isa = PBXFileReference; lastKnownFileType = sourcecode.c.h; name = Program.h; path = ../../../include/Program.h; sourceTree = "<group>"; };
		4F27D5AC1AEFCC2D00EBCC8B /* particleSort.cl */ = {isa = PBXFileReference; fileEncoding = 4; lastKnownFileType = sourcecode.opencl; name = particleSort.cl; path = ../assets/particleSort.cl; sourceTree = "<group>"; };
		4F27D5AD1AEFCC2D00EBCC8B /* render.frag */ = {isa = PBXFileReference; fileEncoding = 4; lastKnownFileType = sourcecode.glsl; name = render.frag; path = ../assets/render.frag; sourceTree = "<group>"; };
		4F27D5AE1AEFCC2D00EBCC8B /* render.vert */ = {isa = PBXFileReference; fileEncoding = 4; lastKnownFileType = sourcecode.glsl; name = render.vert; path = ../assets/render.vert; sourceTree = "<group>"; };
		4F96395B0E8B44459C479C5A /* Device.h */ = {isa = PBXFileReference; lastKnownFileType = sourcecode.c.h; name = Device.h; path = ../../../include/Device.h; sourceTree = "<group>"; };
		507E82DAE563487BB507617E /* BufferObj.cpp */ = {isa = PBXFileReference; lastKnownFileType = sourcecode.c.cpp; name = BufferObj.cpp; path = ../../../src/BufferObj.cpp; sourceTree = "<group>"; };
		5323E6B10EAFCA74003A9687 /* CoreVideo.framework */ = {isa = PBXFileReference; lastKnownFileType = wrapper.framework; name = CoreVideo.framework; path = /System/Library/Frameworks/CoreVideo.framework; sourceTree = "<absolute>"; };
		5323E6B50EAFCA7E003A9687 /* QTKit.framework */ = {isa = PBXFileReference; lastKnownFileType = wrapper.framework; name = QTKit.framework; path = /System/Library/Frameworks/QTKit.framework; sourceTree = "<absolute>"; };
		653A01C3AF6443918D2DC769 /* Context.h */ = {isa = PBXFileReference; lastKnownFileType = sourcecode.c.h; name = Context.h; path = ../../../include/Context.h; sourceTree = "<group>"; };
		676E3275E47D417080993411 /* MemoryObj.cpp */ = {isa = PBXFileReference; lastKnownFileType = sourcecode.c.cpp; name = MemoryObj.cpp; path = ../../../src/MemoryObj.cpp; sourceTree = "<group>"; };
		8D1107320486CEB800E47090 /* BitonicParticleSort.app */ = {isa = PBXFileReference; explicitFileType = wrapper.application; includeInIndex = 0; path = BitonicParticleSort.app; sourceTree = BUILT_PRODUCTS_DIR; };
		910CCDD11FFB4E8C8267484D /* Device.cpp */ = {isa = PBXFileReference; lastKnownFileType = sourcecode.c.cpp; name = Device.cpp; path = ../../../src/Device.cpp; sourceTree = "<group>"; };
		A5EE9BB9409043B0A2801E6E /* Image.h */ = {isa = PBXFileReference; lastKnownFileType = sourcecode.c.h; name = Image.h; path = ../../../include/Image.h; sourceTree = "<group>"; };
		A90120BD3443495F8F9A2D42 /* Event.h */ = {isa = PBXFileReference; lastKnownFileType = sourcecode.c.h; name = Event.h; path = ../../../include/Event.h; sourceTree = "<group>"; };
		A9F77D2948864D4684AD6F90 /* OpenCL.framework */ = {isa = PBXFileReference; lastKnownFileType = wrapper.framework; name = OpenCL.framework; path = System/Library/Frameworks/OpenCL.framework; sourceTree = SDKROOT; };
		B0CD5F141CE7454BB55AF919 /* MemoryObj.h */ = {isa = PBXFileReference; lastKnownFileType = sourcecode.c.h; name = MemoryObj.h; path = ../../../include/MemoryObj.h; sourceTree = "<group>"; };
		B877FF84BBF7420CBA26E48B /* Info.plist */ = {isa = PBXFileReference; lastKnownFileType = text.plist.xml; path = Info.plist; sourceTree = "<group>"; };
		B87C925183274AD7B320FDCC /* Context.cpp */ = {isa = PBXFileReference; lastKnownFileType = sourcecode.c.cpp; name = Context.cpp; path = ../../../src/Context.cpp; sourceTree = "<group>"; };
		B8841F743CB1410EA19F366C /* Resources.h */ = {isa = PBXFileReference; lastKnownFileType = sourcecode.c.h; name = Resources.h; path = ../include/Resources.h; sourceTree = "<group>"; };
		BA1E55B4216F48BC8EE0788E /* Image.cpp */ = {isa = PBXFileReference; lastKnownFileType = sourcecode.c.cpp; name = Image.cpp; path = ../../../src/Image.cpp; sourceTree = "<group>"; };
		BC29C9408366469CA8397BF7 /* CinderApp.icns */ = {isa = PBXFileReference; lastKnownFileType = image.icns; name = CinderApp.icns; path = ../resources/CinderApp.icns; sourceTree = "<group>"; };
		C962511D7A15450C93D13D78 /* BitonicParticleSortApp.cpp */ = {isa = PBXFileReference; lastKnownFileType = sourcecode.c.cpp; name = BitonicParticleSortApp.cpp; path = ../src/BitonicParticleSortApp.cpp; sourceTree = "<group>"; };
		D05E7971FD8A469C9EA78012 /* CommandQueue.cpp */ = {isa = PBXFileReference; lastKnownFileType = sourcecode.c.cpp; name = CommandQueue.cpp; path = ../../../src/CommandQueue.cpp; sourceTree = "<group>"; };
		D66CA46B829B449FB1D55538 /* Event.cpp */ = {isa = PBXFileReference; lastKnownFileType = sourcecode.c.cpp; name = Event.cpp; path = ../../../src/Event.cpp; sourceTree = "<group>"; };
		DD25B93743AC4E25B15DA6E6 /* Cl.h */ = {isa = PBXFileReference; lastKnownFileType = sourcecode.c.h; name = Cl.h; path = ../../../include/Cl.h; sourceTree = "<group>"; };
		E08639EA3D5647EDB326FBAA /* Cl.cpp */ = {isa = PBXFileReference; lastKnownFileType = sourcecode.c.cpp; name = Cl.cpp; path = ../../../src/Cl.cpp; sourceTree = "<group>"; };
		EED43E86B86046818E4B8DF2 /* Program.cpp */ = {isa = PBXFileReference; lastKnownFileType = sourcecode.c.cpp; name = Program.cpp; path = ../../../src/Program.cpp; sourceTree = "<group>"; };
/* End PBXFileReference section */

/* Begin PBXFrameworksBuildPhase section */
		8D11072E0486CEB800E47090 /* Frameworks */ = {
			isa = PBXFrameworksBuildPhase;
			buildActionMask = 2147483647;
			files = (
				006D720419952D00008149E2 /* AVFoundation.framework in Frameworks */,
				006D720519952D00008149E2 /* CoreMedia.framework in Frameworks */,
				8D11072F0486CEB800E47090 /* Cocoa.framework in Frameworks */,
				0091D8F90E81B9330029341E /* OpenGL.framework in Frameworks */,
				5323E6B20EAFCA74003A9687 /* CoreVideo.framework in Frameworks */,
				5323E6B60EAFCA7E003A9687 /* QTKit.framework in Frameworks */,
				00B784B30FF439BC000DE1D7 /* Accelerate.framework in Frameworks */,
				00B784B40FF439BC000DE1D7 /* AudioToolbox.framework in Frameworks */,
				00B784B50FF439BC000DE1D7 /* AudioUnit.framework in Frameworks */,
				00B784B60FF439BC000DE1D7 /* CoreAudio.framework in Frameworks */,
				D793AA791B054350BF2245F2 /* OpenCL.framework in Frameworks */,
			);
			runOnlyForDeploymentPostprocessing = 0;
		};
/* End PBXFrameworksBuildPhase section */

/* Begin PBXGroup section */
		01B97315FEAEA392516A2CEA /* Blocks */ = {
			isa = PBXGroup;
			children = (
				4A274933F8F347A794329670 /* Cinder-OpenCL */,
			);
			name = Blocks;
			sourceTree = "<group>";
		};
		080E96DDFE201D6D7F000001 /* Source */ = {
			isa = PBXGroup;
			children = (
				4F27D5AC1AEFCC2D00EBCC8B /* particleSort.cl */,
				4F27D5AD1AEFCC2D00EBCC8B /* render.frag */,
				4F27D5AE1AEFCC2D00EBCC8B /* render.vert */,
				C962511D7A15450C93D13D78 /* BitonicParticleSortApp.cpp */,
			);
			name = Source;
			sourceTree = "<group>";
		};
		1058C7A0FEA54F0111CA2CBB /* Linked Frameworks */ = {
			isa = PBXGroup;
			children = (
				006D720219952D00008149E2 /* AVFoundation.framework */,
				006D720319952D00008149E2 /* CoreMedia.framework */,
				00B784AF0FF439BC000DE1D7 /* Accelerate.framework */,
				00B784B00FF439BC000DE1D7 /* AudioToolbox.framework */,
				00B784B10FF439BC000DE1D7 /* AudioUnit.framework */,
				00B784B20FF439BC000DE1D7 /* CoreAudio.framework */,
				5323E6B50EAFCA7E003A9687 /* QTKit.framework */,
				5323E6B10EAFCA74003A9687 /* CoreVideo.framework */,
				0091D8F80E81B9330029341E /* OpenGL.framework */,
				1058C7A1FEA54F0111CA2CBB /* Cocoa.framework */,
			);
			name = "Linked Frameworks";
			sourceTree = "<group>";
		};
		1058C7A2FEA54F0111CA2CBB /* Other Frameworks */ = {
			isa = PBXGroup;
			children = (
				29B97324FDCFA39411CA2CEA /* AppKit.framework */,
				29B97325FDCFA39411CA2CEA /* Foundation.framework */,
			);
			name = "Other Frameworks";
			sourceTree = "<group>";
		};
		19C28FACFE9D520D11CA2CBB /* Products */ = {
			isa = PBXGroup;
			children = (
				8D1107320486CEB800E47090 /* BitonicParticleSort.app */,
			);
			name = Products;
			sourceTree = "<group>";
		};
		28387919AA594A7A8231417B /* src */ = {
			isa = PBXGroup;
			children = (
				507E82DAE563487BB507617E /* BufferObj.cpp */,
				E08639EA3D5647EDB326FBAA /* Cl.cpp */,
				D05E7971FD8A469C9EA78012 /* CommandQueue.cpp */,
				B87C925183274AD7B320FDCC /* Context.cpp */,
				910CCDD11FFB4E8C8267484D /* Device.cpp */,
				D66CA46B829B449FB1D55538 /* Event.cpp */,
				BA1E55B4216F48BC8EE0788E /* Image.cpp */,
				676E3275E47D417080993411 /* MemoryObj.cpp */,
				2582F8508992415594B7C5D3 /* Platform.cpp */,
				EED43E86B86046818E4B8DF2 /* Program.cpp */,
			);
			name = src;
			sourceTree = "<group>";
		};
		29B97314FDCFA39411CA2CEA /* BitonicParticleSort */ = {
			isa = PBXGroup;
			children = (
				01B97315FEAEA392516A2CEA /* Blocks */,
				29B97315FDCFA39411CA2CEA /* Headers */,
				080E96DDFE201D6D7F000001 /* Source */,
				29B97317FDCFA39411CA2CEA /* Resources */,
				29B97323FDCFA39411CA2CEA /* Frameworks */,
				19C28FACFE9D520D11CA2CBB /* Products */,
			);
			name = BitonicParticleSort;
			sourceTree = "<group>";
		};
		29B97315FDCFA39411CA2CEA /* Headers */ = {
			isa = PBXGroup;
			children = (
				B8841F743CB1410EA19F366C /* Resources.h */,
				2E4DF8F04156456F9D89D80B /* BitonicParticleSort_Prefix.pch */,
			);
			name = Headers;
			sourceTree = "<group>";
		};
		29B97317FDCFA39411CA2CEA /* Resources */ = {
			isa = PBXGroup;
			children = (
				BC29C9408366469CA8397BF7 /* CinderApp.icns */,
				B877FF84BBF7420CBA26E48B /* Info.plist */,
			);
			name = Resources;
			sourceTree = "<group>";
		};
		29B97323FDCFA39411CA2CEA /* Frameworks */ = {
			isa = PBXGroup;
			children = (
				1058C7A0FEA54F0111CA2CBB /* Linked Frameworks */,
				1058C7A2FEA54F0111CA2CBB /* Other Frameworks */,
				A9F77D2948864D4684AD6F90 /* OpenCL.framework */,
			);
			name = Frameworks;
			sourceTree = "<group>";
		};
		4A274933F8F347A794329670 /* Cinder-OpenCL */ = {
			isa = PBXGroup;
			children = (
				78054806B15343CC99AFE020 /* include */,
				28387919AA594A7A8231417B /* src */,
			);
			name = "Cinder-OpenCL";
			sourceTree = "<group>";
		};
		78054806B15343CC99AFE020 /* include */ = {
			isa = PBXGroup;
			children = (
				3A9DBBFD6670461AA24C17F6 /* BufferObj.h */,
				DD25B93743AC4E25B15DA6E6 /* Cl.h */,
				2FA50E51E2444D45AFA4F5F9 /* CommandQueue.h */,
				653A01C3AF6443918D2DC769 /* Context.h */,
				4F96395B0E8B44459C479C5A /* Device.h */,
				A90120BD3443495F8F9A2D42 /* Event.h */,
				A5EE9BB9409043B0A2801E6E /* Image.h */,
				B0CD5F141CE7454BB55AF919 /* MemoryObj.h */,
				2D8E1730BB0442D8A37FE3A6 /* Platform.h */,
				4B4058DFCAA2481FB9291D07 /* Program.h */,
			);
			name = include;
			sourceTree = "<group>";
		};
/* End PBXGroup section */

/* Begin PBXNativeTarget section */
		8D1107260486CEB800E47090 /* BitonicParticleSort */ = {
			isa = PBXNativeTarget;
			buildConfigurationList = C01FCF4A08A954540054247B /* Build configuration list for PBXNativeTarget "BitonicParticleSort" */;
			buildPhases = (
				8D1107290486CEB800E47090 /* Resources */,
				8D11072C0486CEB800E47090 /* Sources */,
				8D11072E0486CEB800E47090 /* Frameworks */,
			);
			buildRules = (
			);
			dependencies = (
			);
			name = BitonicParticleSort;
			productInstallPath = "$(HOME)/Applications";
			productName = BitonicParticleSort;
			productReference = 8D1107320486CEB800E47090 /* BitonicParticleSort.app */;
			productType = "com.apple.product-type.application";
		};
/* End PBXNativeTarget section */

/* Begin PBXProject section */
		29B97313FDCFA39411CA2CEA /* Project object */ = {
			isa = PBXProject;
			attributes = {
			};
			buildConfigurationList = C01FCF4E08A954540054247B /* Build configuration list for PBXProject "BitonicParticleSort" */;
			compatibilityVersion = "Xcode 3.2";
			developmentRegion = English;
			hasScannedForEncodings = 1;
			knownRegions = (
				English,
				Japanese,
				French,
				German,
			);
			mainGroup = 29B97314FDCFA39411CA2CEA /* BitonicParticleSort */;
			projectDirPath = "";
			projectRoot = "";
			targets = (
				8D1107260486CEB800E47090 /* BitonicParticleSort */,
			);
		};
/* End PBXProject section */

/* Begin PBXResourcesBuildPhase section */
		8D1107290486CEB800E47090 /* Resources */ = {
			isa = PBXResourcesBuildPhase;
			buildActionMask = 2147483647;
			files = (
				35723D11EB0845078991BB8C /* CinderApp.icns in Resources */,
				4F27D5B01AEFCC2D00EBCC8B /* render.frag in Resources */,
				4F27D5B11AEFCC2D00EBCC8B /* render.vert in Resources */,
			);
			runOnlyForDeploymentPostprocessing = 0;
		};
/* End PBXResourcesBuildPhase section */

/* Begin PBXSourcesBuildPhase section */
		8D11072C0486CEB800E47090 /* Sources */ = {
			isa = PBXSourcesBuildPhase;
			buildActionMask = 2147483647;
			files = (
				D167AF1466EE4F4C8CA1BB00 /* BitonicParticleSortApp.cpp in Sources */,
				BF956D24783C4D76900D6E44 /* BufferObj.cpp in Sources */,
				BAF0B7967664464FAE17048C /* Cl.cpp in Sources */,
				860383C05DAC4C74A6324C99 /* CommandQueue.cpp in Sources */,
				4F27D5AF1AEFCC2D00EBCC8B /* particleSort.cl in Sources */,
				1FD683AAE88341AD8F841F3D /* Context.cpp in Sources */,
				A7D41CDD0FEE409587C68DF8 /* Device.cpp in Sources */,
				337D083E1ACE4A738139B25C /* Event.cpp in Sources */,
				FDB728205D8847A0AB321C24 /* Image.cpp in Sources */,
				BDA0CEB6F02E4BA48EDDB2F9 /* MemoryObj.cpp in Sources */,
				F59732A5940D4078A5F10AB2 /* Platform.cpp in Sources */,
				9607F193B1CD4892945BA40C /* Program.cpp in Sources */,
			);
			runOnlyForDeploymentPostprocessing = 0;
		};
/* End PBXSourcesBuildPhase section */

/* Begin XCBuildConfiguration section */
		C01FCF4B08A954540054247B /* Debug */ = {
			isa = XCBuildConfiguration;
			buildSettings = {
				COMBINE_HIDPI_IMAGES = YES;
				COPY_PHASE_STRIP = NO;
				DEAD_CODE_STRIPPING = YES;
				GCC_DYNAMIC_NO_PIC = NO;
				GCC_INLINES_ARE_PRIVATE_EXTERN = YES;
				GCC_OPTIMIZATION_LEVEL = 0;
				GCC_PRECOMPILE_PREFIX_HEADER = YES;
				GCC_PREFIX_HEADER = BitonicParticleSort_Prefix.pch;
				GCC_PREPROCESSOR_DEFINITIONS = (
					"DEBUG=1",
					"$(inherited)",
				);
				GCC_SYMBOLS_PRIVATE_EXTERN = NO;
				INFOPLIST_FILE = Info.plist;
				INSTALL_PATH = "$(HOME)/Applications";
				OTHER_LDFLAGS = "\"$(CINDER_PATH)/lib/libcinder_d.a\"";
				PRODUCT_NAME = BitonicParticleSort;
				SYMROOT = ./build;
				WRAPPER_EXTENSION = app;
			};
			name = Debug;
		};
		C01FCF4C08A954540054247B /* Release */ = {
			isa = XCBuildConfiguration;
			buildSettings = {
				COMBINE_HIDPI_IMAGES = YES;
				DEAD_CODE_STRIPPING = YES;
				DEBUG_INFORMATION_FORMAT = "dwarf-with-dsym";
				GCC_FAST_MATH = YES;
				GCC_GENERATE_DEBUGGING_SYMBOLS = NO;
				GCC_INLINES_ARE_PRIVATE_EXTERN = YES;
				GCC_OPTIMIZATION_LEVEL = 3;
				GCC_PRECOMPILE_PREFIX_HEADER = YES;
				GCC_PREFIX_HEADER = BitonicParticleSort_Prefix.pch;
				GCC_PREPROCESSOR_DEFINITIONS = (
					"NDEBUG=1",
					"$(inherited)",
				);
				GCC_SYMBOLS_PRIVATE_EXTERN = NO;
				INFOPLIST_FILE = Info.plist;
				INSTALL_PATH = "$(HOME)/Applications";
				OTHER_LDFLAGS = "\"$(CINDER_PATH)/lib/libcinder.a\"";
				PRODUCT_NAME = BitonicParticleSort;
				STRIP_INSTALLED_PRODUCT = YES;
				SYMROOT = ./build;
				WRAPPER_EXTENSION = app;
			};
			name = Release;
		};
		C01FCF4F08A954540054247B /* Debug */ = {
			isa = XCBuildConfiguration;
			buildSettings = {
				ALWAYS_SEARCH_USER_PATHS = NO;
				ARCHS = x86_64;
				CINDER_PATH = ../../../../..;
				CLANG_CXX_LANGUAGE_STANDARD = "c++0x";
				CLANG_CXX_LIBRARY = "libc++";
				GCC_WARN_ABOUT_RETURN_TYPE = YES;
				GCC_WARN_UNUSED_VARIABLE = YES;
				HEADER_SEARCH_PATHS = "\"$(CINDER_PATH)/boost\"";
				MACOSX_DEPLOYMENT_TARGET = 10.8;
				SDKROOT = macosx;
				USER_HEADER_SEARCH_PATHS = "\"$(CINDER_PATH)/include\" ../include ../../../src ../../../include";
			};
			name = Debug;
		};
		C01FCF5008A954540054247B /* Release */ = {
			isa = XCBuildConfiguration;
			buildSettings = {
				ALWAYS_SEARCH_USER_PATHS = NO;
				ARCHS = x86_64;
				CINDER_PATH = ../../../../..;
				CLANG_CXX_LANGUAGE_STANDARD = "c++0x";
				CLANG_CXX_LIBRARY = "libc++";
				GCC_WARN_ABOUT_RETURN_TYPE = YES;
				GCC_WARN_UNUSED_VARIABLE = YES;
				HEADER_SEARCH_PATHS = "\"$(CINDER_PATH)/boost\"";
				MACOSX_DEPLOYMENT_TARGET = 10.8;
				SDKROOT = macosx;
				USER_HEADER_SEARCH_PATHS = "\"$(CINDER_PATH)/include\" ../include ../../../src ../../../include";
			};
			name = Release;
		};
/* End XCBuildConfiguration section */

/* Begin XCConfigurationList section */
		C01FCF4A08A954540054247B /* Build configuration list for PBXNativeTarget "BitonicParticleSort" */ = {
			isa = XCConfigurationList;
			buildConfigurations = (
				C01FCF4B08A954540054247B /* Debug */,
				C01FCF4C08A954540054247B /* Release */,
			);
			defaultConfigurationIsVisible = 0;
			defaultConfigurationName = Release;
		};
		C01FCF4E08A954540054247B /* Build configuration list for PBXProject "BitonicParticleSort" */ = {
			isa = XCConfigurationList;
			buildConfigurations = (
				C01FCF4F08A954540054247B /* Debug */,
				C01FCF5008A954540054247B /* Release */,
			);
			defaultConfigurationIsVisible = 0;
			defaultConfigurationName = Release;
		};
/* End XCConfigurationList section */
	};
	rootObject = 29B97313FDCFA39411CA2CEA /* Project object */;
}
