<Project ToolsVersion="4.0" xmlns="http://schemas.microsoft.com/developer/msbuild/2003">
  <ItemGroup>
    <Filter Include="Source Files">
      <UniqueIdentifier>{4FC737F1-C7A5-4376-A066-2A32D752A2FF}</UniqueIdentifier>
      <Extensions>cpp;c;cc;cxx;def;odl;idl;hpj;bat;asm;asmx</Extensions>
    </Filter>
    <Filter Include="Header Files">
      <UniqueIdentifier>{93995380-89BD-4b04-88EB-625FBE52EBFB}</UniqueIdentifier>
      <Extensions>h;hpp;hxx;hm;inl;inc;xsd</Extensions>
    </Filter>
    <Filter Include="Resource Files">
      <UniqueIdentifier>{67DA6AB6-F800-4c08-8B7A-83BB121AAD01}</UniqueIdentifier>
      <Extensions>rc;ico;cur;bmp;dlg;rc2;rct;bin;rgs;gif;jpg;jpeg;jpe;resx;tiff;tif;png;wav</Extensions>
    </Filter>
    <Filter Include="Blocks">
      <UniqueIdentifier>{C0150C4C-B710-48DF-B0D3-99785B25E97D}</UniqueIdentifier>
    </Filter>
    <Filter Include="Blocks\Cinder-OpenCL">
      <UniqueIdentifier>{5B905CC0-8410-47AF-AC4C-558A6ECE83EB}</UniqueIdentifier>
    </Filter>
    <Filter Include="Blocks\Cinder-OpenCL\include">
      <UniqueIdentifier>{6896839D-7CA8-4C9C-A751-3AAD4236B9C1}</UniqueIdentifier>
    </Filter>
    <Filter Include="Blocks\Cinder-OpenCL\src">
      <UniqueIdentifier>{D81A6B48-BB5C-4CF0-A366-B98D3B7FB4E5}</UniqueIdentifier>
    </Filter>
  </ItemGroup>
  <ItemGroup>
    <ClCompile Include="..\src\ConvolutionApp.cpp">
      <Filter>Source Files</Filter>
    </ClCompile>
    <ClCompile Include="..\src\ConvolutionApp.cpp">
      <Filter>Source Files</Filter>
    </ClCompile>
    <ClInclude Include="..\include\Resources.h">
      <Filter>Header Files</Filter>
    </ClInclude>
    <ClInclude Include="..\..\..\include\Cinder-OpenCL.h">
      <Filter>Blocks\Cinder-OpenCL\include</Filter>
    </ClInclude>
    <ClCompile Include="..\..\..\src\Cinder-OpenCL.cpp">
      <Filter>Blocks\Cinder-OpenCL\src</Filter>
    </ClCompile>
  </ItemGroup>
  <ItemGroup>
    <ClInclude Include="..\include\Resources.h">
      <Filter>Header Files</Filter>
    </ClInclude>
  </ItemGroup>
  <ItemGroup>
    <ResourceCompile Include="Resources.rc">
      <Filter>Resource Files</Filter>
    </ResourceCompile>
  </ItemGroup>
</Project>
